
Microsoft Visual Studio Solution File, Format Version 12.00
# Visual Studio Version 17
VisualStudioVersion = 17.14.36301.6 d17.14
MinimumVisualStudioVersion = 10.0.40219.1
Project("{FAE04EC0-301F-11D3-BF4B-00C04F79EFBC}") = "tossaway", "tossaway.csproj", "{A954D9EB-4829-44AB-9EA0-E3499235D5F0}"
EndProject
Global
	GlobalSection(SolutionConfigurationPlatforms) = preSolution
		Debug|Any CPU = Debug|Any CPU
		Release|Any CPU = Release|Any CPU
	EndGlobalSection
	GlobalSection(ProjectConfigurationPlatforms) = postSolution
		{A954D9EB-4829-44AB-9EA0-E3499235D5F0}.Debug|Any CPU.ActiveCfg = Debug|Any CPU
		{A954D9EB-4829-44AB-9EA0-E3499235D5F0}.Debug|Any CPU.Build.0 = Debug|Any CPU
		{A954D9EB-4829-44AB-9EA0-E3499235D5F0}.Release|Any CPU.ActiveCfg = Release|Any CPU
		{A954D9EB-4829-44AB-9EA0-E3499235D5F0}.Release|Any CPU.Build.0 = Release|Any CPU
	EndGlobalSection
	GlobalSection(SolutionProperties) = preSolution
		HideSolutionNode = FALSE
	EndGlobalSection
	GlobalSection(ExtensibilityGlobals) = postSolution
		SolutionGuid = {BBD2D380-746B-4616-A429-493FAE288EF7}
	EndGlobalSection
EndGlobal
